
Microsoft Visual Studio Solution File, Format Version 12.00
# Visual Studio Version 17
VisualStudioVersion = 17.9.34728.123
MinimumVisualStudioVersion = 10.0.40219.1
Project("{9A19103F-16F7-4668-BE54-9A1E7A4F7556}") = "SeedWatcher", "Xyn-SeedWatcher\SeedWatcher.csproj", "{B4E16552-AD36-40B5-9A9E-51E6A7D539F6}"
EndProject
Project("{FAE04EC0-301F-11D3-BF4B-00C04F79EFBC}") = "Form1", "Xyn-SeedWatcher\Form11\Form1.csproj", "{590ED63D-6690-4D70-B101-D1AE3D4C2A20}"
EndProject
Global
	GlobalSection(SolutionConfigurationPlatforms) = preSolution
		Debug|Any CPU = Debug|Any CPU
		Debug|Mixed Platforms = Debug|Mixed Platforms
		Debug|x64 = Debug|x64
		Release|Any CPU = Release|Any CPU
		Release|Mixed Platforms = Release|Mixed Platforms
		Release|x64 = Release|x64
	EndGlobalSection
	GlobalSection(ProjectConfigurationPlatforms) = postSolution
		{B4E16552-AD36-40B5-9A9E-51E6A7D539F6}.Debug|Any CPU.ActiveCfg = Debug|x64
		{B4E16552-AD36-40B5-9A9E-51E6A7D539F6}.Debug|Any CPU.Build.0 = Debug|x64
		{B4E16552-AD36-40B5-9A9E-51E6A7D539F6}.Debug|Mixed Platforms.ActiveCfg = Debug|x64
		{B4E16552-AD36-40B5-9A9E-51E6A7D539F6}.Debug|Mixed Platforms.Build.0 = Debug|x64
		{B4E16552-AD36-40B5-9A9E-51E6A7D539F6}.Debug|x64.ActiveCfg = Debug|x64
		{B4E16552-AD36-40B5-9A9E-51E6A7D539F6}.Debug|x64.Build.0 = Debug|x64
		{B4E16552-AD36-40B5-9A9E-51E6A7D539F6}.Release|Any CPU.ActiveCfg = Release|x64
		{B4E16552-AD36-40B5-9A9E-51E6A7D539F6}.Release|Any CPU.Build.0 = Release|x64
		{B4E16552-AD36-40B5-9A9E-51E6A7D539F6}.Release|Mixed Platforms.ActiveCfg = Release|x64
		{B4E16552-AD36-40B5-9A9E-51E6A7D539F6}.Release|Mixed Platforms.Build.0 = Release|x64
		{B4E16552-AD36-40B5-9A9E-51E6A7D539F6}.Release|x64.ActiveCfg = Release|x64
		{B4E16552-AD36-40B5-9A9E-51E6A7D539F6}.Release|x64.Build.0 = Release|x64
		{590ED63D-6690-4D70-B101-D1AE3D4C2A20}.Debug|Any CPU.ActiveCfg = Debug|Any CPU
		{590ED63D-6690-4D70-B101-D1AE3D4C2A20}.Debug|Any CPU.Build.0 = Debug|Any CPU
		{590ED63D-6690-4D70-B101-D1AE3D4C2A20}.Debug|Mixed Platforms.ActiveCfg = Debug|Any CPU
		{590ED63D-6690-4D70-B101-D1AE3D4C2A20}.Debug|Mixed Platforms.Build.0 = Debug|Any CPU
		{590ED63D-6690-4D70-B101-D1AE3D4C2A20}.Debug|x64.ActiveCfg = Debug|Any CPU
		{590ED63D-6690-4D70-B101-D1AE3D4C2A20}.Debug|x64.Build.0 = Debug|Any CPU
		{590ED63D-6690-4D70-B101-D1AE3D4C2A20}.Release|Any CPU.ActiveCfg = Release|Any CPU
		{590ED63D-6690-4D70-B101-D1AE3D4C2A20}.Release|Any CPU.Build.0 = Release|Any CPU
		{590ED63D-6690-4D70-B101-D1AE3D4C2A20}.Release|Mixed Platforms.ActiveCfg = Release|Any CPU
		{590ED63D-6690-4D70-B101-D1AE3D4C2A20}.Release|Mixed Platforms.Build.0 = Release|Any CPU
		{590ED63D-6690-4D70-B101-D1AE3D4C2A20}.Release|x64.ActiveCfg = Release|Any CPU
		{590ED63D-6690-4D70-B101-D1AE3D4C2A20}.Release|x64.Build.0 = Release|Any CPU
	EndGlobalSection
	GlobalSection(SolutionProperties) = preSolution
		HideSolutionNode = FALSE
	EndGlobalSection
EndGlobal
